
Microsoft Visual Studio Solution File, Format Version 12.00
# Visual Studio Version 17
VisualStudioVersion = 17.5.33530.505
MinimumVisualStudioVersion = 10.0.40219.1
Project("{FAE04EC0-301F-11D3-BF4B-00C04F79EFBC}") = "BooksManagement", "BooksManagement\BooksManagement.csproj", "{EAF413EE-B577-4C1F-8B89-97B49522F13C}"
EndProject
Global
	GlobalSection(SolutionConfigurationPlatforms) = preSolution
		Debug|Any CPU = Debug|Any CPU
		Release|Any CPU = Release|Any CPU
	EndGlobalSection
	GlobalSection(ProjectConfigurationPlatforms) = postSolution
		{EAF413EE-B577-4C1F-8B89-97B49522F13C}.Debug|Any CPU.ActiveCfg = Debug|Any CPU
		{EAF413EE-B577-4C1F-8B89-97B49522F13C}.Debug|Any CPU.Build.0 = Debug|Any CPU
		{EAF413EE-B577-4C1F-8B89-97B49522F13C}.Release|Any CPU.ActiveCfg = Release|Any CPU
		{EAF413EE-B577-4C1F-8B89-97B49522F13C}.Release|Any CPU.Build.0 = Release|Any CPU
	EndGlobalSection
	GlobalSection(SolutionProperties) = preSolution
		HideSolutionNode = FALSE
	EndGlobalSection
	GlobalSection(ExtensibilityGlobals) = postSolution
		SolutionGuid = {43517C0D-65E7-4304-B594-588EB3B7DCFD}
	EndGlobalSection
EndGlobal
